
Microsoft Visual Studio Solution File, Format Version 12.00
# Visual Studio 2013
VisualStudioVersion = 12.0.40629.0
MinimumVisualStudioVersion = 10.0.40219.1
Project("{FAE04EC0-301F-11D3-BF4B-00C04F79EFBC}") = "UKeyFormatUtil", "UKeyFormatUtil\UKeyFormatUtil.csproj", "{AB936E44-111E-44DA-B50D-1AA4AE1E3DBC}"
EndProject
Global
	GlobalSection(SolutionConfigurationPlatforms) = preSolution
		Debug|Any CPU = Debug|Any CPU
		Release|Any CPU = Release|Any CPU
	EndGlobalSection
	GlobalSection(ProjectConfigurationPlatforms) = postSolution
		{AB936E44-111E-44DA-B50D-1AA4AE1E3DBC}.Debug|Any CPU.ActiveCfg = Debug|Any CPU
		{AB936E44-111E-44DA-B50D-1AA4AE1E3DBC}.Debug|Any CPU.Build.0 = Debug|Any CPU
		{AB936E44-111E-44DA-B50D-1AA4AE1E3DBC}.Release|Any CPU.ActiveCfg = Release|Any CPU
		{AB936E44-111E-44DA-B50D-1AA4AE1E3DBC}.Release|Any CPU.Build.0 = Release|Any CPU
	EndGlobalSection
	GlobalSection(SolutionProperties) = preSolution
		HideSolutionNode = FALSE
	EndGlobalSection
EndGlobal
